
Microsoft Visual Studio Solution File, Format Version 12.00
# Visual Studio 2017
Project("{FAE04EC0-301F-11D3-BF4B-00C04F79EFBC}") = "Auto cluster", "Auto cluster.csproj", "{3F22A3F7-D217-B5EF-8181-07BBB99D96BE}"
EndProject
Project("{FAE04EC0-301F-11D3-BF4B-00C04F79EFBC}") = "Auto cluster.Editor", "Auto cluster.Editor.csproj", "{966D4365-00D8-3549-8F61-E1F0B3C13795}"
EndProject
Global
	GlobalSection(SolutionConfigurationPlatforms) = preSolution
		Debug|Any CPU = Debug|Any CPU
		Release|Any CPU = Release|Any CPU
	EndGlobalSection
	GlobalSection(ProjectConfigurationPlatforms) = postSolution
		{3F22A3F7-D217-B5EF-8181-07BBB99D96BE}.Debug|Any CPU.ActiveCfg = Debug|Any CPU
		{3F22A3F7-D217-B5EF-8181-07BBB99D96BE}.Debug|Any CPU.Build.0 = Debug|Any CPU
		{3F22A3F7-D217-B5EF-8181-07BBB99D96BE}.Release|Any CPU.ActiveCfg = Release|Any CPU
		{3F22A3F7-D217-B5EF-8181-07BBB99D96BE}.Release|Any CPU.Build.0 = Release|Any CPU
		{966D4365-00D8-3549-8F61-E1F0B3C13795}.Debug|Any CPU.ActiveCfg = Debug|Any CPU
		{966D4365-00D8-3549-8F61-E1F0B3C13795}.Debug|Any CPU.Build.0 = Debug|Any CPU
		{966D4365-00D8-3549-8F61-E1F0B3C13795}.Release|Any CPU.ActiveCfg = Release|Any CPU
		{966D4365-00D8-3549-8F61-E1F0B3C13795}.Release|Any CPU.Build.0 = Release|Any CPU
	EndGlobalSection
	GlobalSection(SolutionProperties) = preSolution
		HideSolutionNode = FALSE
	EndGlobalSection
EndGlobal
